
Microsoft Visual Studio Solution File, Format Version 12.00
# Visual Studio 15
VisualStudioVersion = 15.0.28307.1000
MinimumVisualStudioVersion = 10.0.40219.1
Project("{9A19103F-16F7-4668-BE54-9A1E7A4F7556}") = "UnitTesting", "UnitTesting\UnitTesting.csproj", "{A15970F6-6757-4C59-BF74-083C563D71F5}"
EndProject
Global
	GlobalSection(SolutionConfigurationPlatforms) = preSolution
		Debug|Any CPU = Debug|Any CPU
		Release|Any CPU = Release|Any CPU
	EndGlobalSection
	GlobalSection(ProjectConfigurationPlatforms) = postSolution
		{A15970F6-6757-4C59-BF74-083C563D71F5}.Debug|Any CPU.ActiveCfg = Debug|Any CPU
		{A15970F6-6757-4C59-BF74-083C563D71F5}.Debug|Any CPU.Build.0 = Debug|Any CPU
		{A15970F6-6757-4C59-BF74-083C563D71F5}.Release|Any CPU.ActiveCfg = Release|Any CPU
		{A15970F6-6757-4C59-BF74-083C563D71F5}.Release|Any CPU.Build.0 = Release|Any CPU
	EndGlobalSection
	GlobalSection(SolutionProperties) = preSolution
		HideSolutionNode = FALSE
	EndGlobalSection
	GlobalSection(ExtensibilityGlobals) = postSolution
		SolutionGuid = {EC23CB7A-B09C-4337-8BFB-794601A31765}
	EndGlobalSection
EndGlobal
